{
	"name": "@geislabs/download-type",
	"version": "0.0.7",
	"lockfileVersion": 2,
	"requires": true,
	"packages": {
		"": {
			"name": "@geislabs/download-type",
			"version": "0.0.7",
			"license": "ISC",
			"dependencies": {
				"@geislabs/file": "^0.0.60",
				"@geislabs/http": "^0.0.78"
			}
		},
		"node_modules/@geislabs/file": {
			"version": "0.0.60",
			"resolved": "https://registry.npmjs.org/@geislabs/file/-/file-0.0.60.tgz",
			"integrity": "sha512-SoWHfADE3R8B2/Y3ZQczHJ4g/yTi7gpV/Dj9j7LfGgfpNzTf37+ADsoW1/INKzl84h8agwX0aElDVjSms71BKw=="
		},
		"node_modules/@geislabs/http": {
			"version": "0.0.78",
			"resolved": "https://registry.npmjs.org/@geislabs/http/-/http-0.0.78.tgz",
			"integrity": "sha512-GHhJEQiIx43ccRL2g+Xco0Y60ShmGOcpCKTOWthL1EfIi2NscCMHCKAphjMh9ePcXf5ppaJ4gpjjjFXXIDMtjA==",
			"dependencies": {
				"@geislabs/http-plugin": "^0.0.78",
				"@geislabs/http-proxy": "^0.0.78"
			}
		},
		"node_modules/@geislabs/http-plugin": {
			"version": "0.0.78",
			"resolved": "https://registry.npmjs.org/@geislabs/http-plugin/-/http-plugin-0.0.78.tgz",
			"integrity": "sha512-AVGh0ukzhXmLRVSetyz1PhJ+mPiz5z6M/Kpv+ojK5OBtNYbueOpXTZkwAICXANMmjjk8Exke3PB5p1A74wvnpg==",
			"dependencies": {
				"@geislabs/plugin": "^0.0.2",
				"@geislabs/runtime-event": "^0.0.79"
			}
		},
		"node_modules/@geislabs/http-proxy": {
			"version": "0.0.78",
			"resolved": "https://registry.npmjs.org/@geislabs/http-proxy/-/http-proxy-0.0.78.tgz",
			"integrity": "sha512-7FaS1DIb3fh0S20WZr0b1QptM7VSUUPzPwJahECnv5CpLCW84Moesqj2QtCQdbWYkmef4Je57i7LkWioGajOmQ==",
			"dependencies": {
				"@geislabs/http-plugin": "^0.0.78",
				"@geislabs/plugin": "^0.0.2",
				"@geislabs/runtime": "^0.0.72"
			}
		},
		"node_modules/@geislabs/plugin": {
			"version": "0.0.2",
			"resolved": "https://registry.npmjs.org/@geislabs/plugin/-/plugin-0.0.2.tgz",
			"integrity": "sha512-jDSbdRJtqHitI2LD+/nyg2bPE8Dij2P2iJM6cp/qlcrSTP+/9Fn+bDEOH4a17rrwvqK870sa9+njBZ7CD42V8A==",
			"dependencies": {
				"@geislabs/plugin-order": "^0.0.2",
				"@geislabs/runtime-event": "^0.0.79",
				"autobind-decorator": "^2.4.0",
				"inversify": "^5.1.1"
			}
		},
		"node_modules/@geislabs/plugin-order": {
			"version": "0.0.2",
			"resolved": "https://registry.npmjs.org/@geislabs/plugin-order/-/plugin-order-0.0.2.tgz",
			"integrity": "sha512-DvDewJ9bhwIuzIbhgsQUtQ5UEUs13DFJG1UHSWn0770oy+DRObknZEh5hhfvB0ZDo3AjLpJFOsTBp3R7wEsZcw==",
			"dependencies": {
				"topological-sort": "^0.3.0"
			}
		},
		"node_modules/@geislabs/runtime": {
			"version": "0.0.72",
			"resolved": "https://registry.npmjs.org/@geislabs/runtime/-/runtime-0.0.72.tgz",
			"integrity": "sha512-iwXx0OfFYB6ZZE9fxn7TkBo2XhuxheyE66ESW/f5wZeDDUYG2g/qy5QTiIblNhe6ASztPL1nHFdAg90bcY2spw==",
			"dependencies": {
				"@geislabs/runtime-event": "^0.0.72",
				"@geislabs/runtime-order": "^0.0.72",
				"@geislabs/runtime-plugin": "^0.0.72"
			}
		},
		"node_modules/@geislabs/runtime-event": {
			"version": "0.0.79",
			"resolved": "https://registry.npmjs.org/@geislabs/runtime-event/-/runtime-event-0.0.79.tgz",
			"integrity": "sha512-4RhATQFG8dXo5PPN/XMBoEvH1qWZkYZSCDXDI9w3/vph6Fn6MVCWO/DwGsYvgn6z+fRz1t9eOt14hrqf2/tBtQ=="
		},
		"node_modules/@geislabs/runtime-order": {
			"version": "0.0.72",
			"resolved": "https://registry.npmjs.org/@geislabs/runtime-order/-/runtime-order-0.0.72.tgz",
			"integrity": "sha512-zdFiYCMuqpJ6544WrqzZ46jpwSt3gi60zq7a0gFoW0DXE5UdeT6VfE4/9rEYeI+FucX5lNtjWWRbYCMGKuIi7Q==",
			"dependencies": {
				"topological-sort": "^0.3.0"
			}
		},
		"node_modules/@geislabs/runtime-plugin": {
			"version": "0.0.72",
			"resolved": "https://registry.npmjs.org/@geislabs/runtime-plugin/-/runtime-plugin-0.0.72.tgz",
			"integrity": "sha512-laI+zcegky2nsox/4VraE093XD920a8+Ctk5g1B/NoJEDDAMCIdBIlbR3wpxLfplifzMYPA14O9llFRBFzvT0g==",
			"dependencies": {
				"@geislabs/runtime-event": "^0.0.72",
				"@geislabs/runtime-order": "^0.0.72",
				"autobind-decorator": "^2.4.0",
				"inversify": "^5.1.1",
				"memfs": "^3.2.2"
			}
		},
		"node_modules/@geislabs/runtime-plugin/node_modules/@geislabs/runtime-event": {
			"version": "0.0.72",
			"resolved": "https://registry.npmjs.org/@geislabs/runtime-event/-/runtime-event-0.0.72.tgz",
			"integrity": "sha512-ZQaiB1aAiIEFrZCRq9Tu6R3De/W3EiSfiXT9HwQHDdEt61P8EB/5ehCYDrOhBtli905SnS2x3dWwbPEtl+1Haw=="
		},
		"node_modules/@geislabs/runtime/node_modules/@geislabs/runtime-event": {
			"version": "0.0.72",
			"resolved": "https://registry.npmjs.org/@geislabs/runtime-event/-/runtime-event-0.0.72.tgz",
			"integrity": "sha512-ZQaiB1aAiIEFrZCRq9Tu6R3De/W3EiSfiXT9HwQHDdEt61P8EB/5ehCYDrOhBtli905SnS2x3dWwbPEtl+1Haw=="
		},
		"node_modules/autobind-decorator": {
			"version": "2.4.0",
			"resolved": "https://registry.npmjs.org/autobind-decorator/-/autobind-decorator-2.4.0.tgz",
			"integrity": "sha512-OGYhWUO72V6DafbF8PM8rm3EPbfuyMZcJhtm5/n26IDwO18pohE4eNazLoCGhPiXOCD0gEGmrbU3849QvM8bbw==",
			"engines": {
				"node": ">=8.10",
				"npm": ">=6.4.1"
			}
		},
		"node_modules/fs-monkey": {
			"version": "1.0.3",
			"resolved": "https://registry.npmjs.org/fs-monkey/-/fs-monkey-1.0.3.tgz",
			"integrity": "sha512-cybjIfiiE+pTWicSCLFHSrXZ6EilF30oh91FDP9S2B051prEa7QWfrVTQm10/dDpswBDXZugPa1Ogu8Yh+HV0Q=="
		},
		"node_modules/inversify": {
			"version": "5.1.1",
			"resolved": "https://registry.npmjs.org/inversify/-/inversify-5.1.1.tgz",
			"integrity": "sha512-j8grHGDzv1v+8T1sAQ+3boTCntFPfvxLCkNcxB1J8qA0lUN+fAlSyYd+RXKvaPRL4AGyPxViutBEJHNXOyUdFQ=="
		},
		"node_modules/memfs": {
			"version": "3.2.2",
			"resolved": "https://registry.npmjs.org/memfs/-/memfs-3.2.2.tgz",
			"integrity": "sha512-RE0CwmIM3CEvpcdK3rZ19BC4E6hv9kADkMN5rPduRak58cNArWLi/9jFLsa4rhsjfVxMP3v0jO7FHXq7SvFY5Q==",
			"dependencies": {
				"fs-monkey": "1.0.3"
			},
			"engines": {
				"node": ">= 4.0.0"
			}
		},
		"node_modules/topological-sort": {
			"version": "0.3.0",
			"resolved": "https://registry.npmjs.org/topological-sort/-/topological-sort-0.3.0.tgz",
			"integrity": "sha512-BmO2t72jjJ3B9PZC3LTHyojgNynOKEvWG4GiYqyfSMUjtO6+yZK0oozlMYVA+tC6YvS3NZh4OPx6QaolEYOg6A==",
			"engines": {
				"node": ">=8"
			}
		}
	},
	"dependencies": {
		"@geislabs/file": {
			"version": "0.0.60",
			"resolved": "https://registry.npmjs.org/@geislabs/file/-/file-0.0.60.tgz",
			"integrity": "sha512-SoWHfADE3R8B2/Y3ZQczHJ4g/yTi7gpV/Dj9j7LfGgfpNzTf37+ADsoW1/INKzl84h8agwX0aElDVjSms71BKw=="
		},
		"@geislabs/http": {
			"version": "0.0.78",
			"resolved": "https://registry.npmjs.org/@geislabs/http/-/http-0.0.78.tgz",
			"integrity": "sha512-GHhJEQiIx43ccRL2g+Xco0Y60ShmGOcpCKTOWthL1EfIi2NscCMHCKAphjMh9ePcXf5ppaJ4gpjjjFXXIDMtjA==",
			"requires": {
				"@geislabs/http-plugin": "^0.0.78",
				"@geislabs/http-proxy": "^0.0.78"
			}
		},
		"@geislabs/http-plugin": {
			"version": "0.0.78",
			"resolved": "https://registry.npmjs.org/@geislabs/http-plugin/-/http-plugin-0.0.78.tgz",
			"integrity": "sha512-AVGh0ukzhXmLRVSetyz1PhJ+mPiz5z6M/Kpv+ojK5OBtNYbueOpXTZkwAICXANMmjjk8Exke3PB5p1A74wvnpg==",
			"requires": {
				"@geislabs/plugin": "^0.0.2",
				"@geislabs/runtime-event": "^0.0.79"
			}
		},
		"@geislabs/http-proxy": {
			"version": "0.0.78",
			"resolved": "https://registry.npmjs.org/@geislabs/http-proxy/-/http-proxy-0.0.78.tgz",
			"integrity": "sha512-7FaS1DIb3fh0S20WZr0b1QptM7VSUUPzPwJahECnv5CpLCW84Moesqj2QtCQdbWYkmef4Je57i7LkWioGajOmQ==",
			"requires": {
				"@geislabs/http-plugin": "^0.0.78",
				"@geislabs/plugin": "^0.0.2",
				"@geislabs/runtime": "^0.0.72"
			}
		},
		"@geislabs/plugin": {
			"version": "0.0.2",
			"resolved": "https://registry.npmjs.org/@geislabs/plugin/-/plugin-0.0.2.tgz",
			"integrity": "sha512-jDSbdRJtqHitI2LD+/nyg2bPE8Dij2P2iJM6cp/qlcrSTP+/9Fn+bDEOH4a17rrwvqK870sa9+njBZ7CD42V8A==",
			"requires": {
				"@geislabs/plugin-order": "^0.0.2",
				"@geislabs/runtime-event": "^0.0.79",
				"autobind-decorator": "^2.4.0",
				"inversify": "^5.1.1"
			}
		},
		"@geislabs/plugin-order": {
			"version": "0.0.2",
			"resolved": "https://registry.npmjs.org/@geislabs/plugin-order/-/plugin-order-0.0.2.tgz",
			"integrity": "sha512-DvDewJ9bhwIuzIbhgsQUtQ5UEUs13DFJG1UHSWn0770oy+DRObknZEh5hhfvB0ZDo3AjLpJFOsTBp3R7wEsZcw==",
			"requires": {
				"topological-sort": "^0.3.0"
			}
		},
		"@geislabs/runtime": {
			"version": "0.0.72",
			"resolved": "https://registry.npmjs.org/@geislabs/runtime/-/runtime-0.0.72.tgz",
			"integrity": "sha512-iwXx0OfFYB6ZZE9fxn7TkBo2XhuxheyE66ESW/f5wZeDDUYG2g/qy5QTiIblNhe6ASztPL1nHFdAg90bcY2spw==",
			"requires": {
				"@geislabs/runtime-event": "^0.0.72",
				"@geislabs/runtime-order": "^0.0.72",
				"@geislabs/runtime-plugin": "^0.0.72"
			},
			"dependencies": {
				"@geislabs/runtime-event": {
					"version": "0.0.72",
					"resolved": "https://registry.npmjs.org/@geislabs/runtime-event/-/runtime-event-0.0.72.tgz",
					"integrity": "sha512-ZQaiB1aAiIEFrZCRq9Tu6R3De/W3EiSfiXT9HwQHDdEt61P8EB/5ehCYDrOhBtli905SnS2x3dWwbPEtl+1Haw=="
				}
			}
		},
		"@geislabs/runtime-event": {
			"version": "0.0.79",
			"resolved": "https://registry.npmjs.org/@geislabs/runtime-event/-/runtime-event-0.0.79.tgz",
			"integrity": "sha512-4RhATQFG8dXo5PPN/XMBoEvH1qWZkYZSCDXDI9w3/vph6Fn6MVCWO/DwGsYvgn6z+fRz1t9eOt14hrqf2/tBtQ=="
		},
		"@geislabs/runtime-order": {
			"version": "0.0.72",
			"resolved": "https://registry.npmjs.org/@geislabs/runtime-order/-/runtime-order-0.0.72.tgz",
			"integrity": "sha512-zdFiYCMuqpJ6544WrqzZ46jpwSt3gi60zq7a0gFoW0DXE5UdeT6VfE4/9rEYeI+FucX5lNtjWWRbYCMGKuIi7Q==",
			"requires": {
				"topological-sort": "^0.3.0"
			}
		},
		"@geislabs/runtime-plugin": {
			"version": "0.0.72",
			"resolved": "https://registry.npmjs.org/@geislabs/runtime-plugin/-/runtime-plugin-0.0.72.tgz",
			"integrity": "sha512-laI+zcegky2nsox/4VraE093XD920a8+Ctk5g1B/NoJEDDAMCIdBIlbR3wpxLfplifzMYPA14O9llFRBFzvT0g==",
			"requires": {
				"@geislabs/runtime-event": "^0.0.72",
				"@geislabs/runtime-order": "^0.0.72",
				"autobind-decorator": "^2.4.0",
				"inversify": "^5.1.1",
				"memfs": "^3.2.2"
			},
			"dependencies": {
				"@geislabs/runtime-event": {
					"version": "0.0.72",
					"resolved": "https://registry.npmjs.org/@geislabs/runtime-event/-/runtime-event-0.0.72.tgz",
					"integrity": "sha512-ZQaiB1aAiIEFrZCRq9Tu6R3De/W3EiSfiXT9HwQHDdEt61P8EB/5ehCYDrOhBtli905SnS2x3dWwbPEtl+1Haw=="
				}
			}
		},
		"autobind-decorator": {
			"version": "2.4.0",
			"resolved": "https://registry.npmjs.org/autobind-decorator/-/autobind-decorator-2.4.0.tgz",
			"integrity": "sha512-OGYhWUO72V6DafbF8PM8rm3EPbfuyMZcJhtm5/n26IDwO18pohE4eNazLoCGhPiXOCD0gEGmrbU3849QvM8bbw=="
		},
		"fs-monkey": {
			"version": "1.0.3",
			"resolved": "https://registry.npmjs.org/fs-monkey/-/fs-monkey-1.0.3.tgz",
			"integrity": "sha512-cybjIfiiE+pTWicSCLFHSrXZ6EilF30oh91FDP9S2B051prEa7QWfrVTQm10/dDpswBDXZugPa1Ogu8Yh+HV0Q=="
		},
		"inversify": {
			"version": "5.1.1",
			"resolved": "https://registry.npmjs.org/inversify/-/inversify-5.1.1.tgz",
			"integrity": "sha512-j8grHGDzv1v+8T1sAQ+3boTCntFPfvxLCkNcxB1J8qA0lUN+fAlSyYd+RXKvaPRL4AGyPxViutBEJHNXOyUdFQ=="
		},
		"memfs": {
			"version": "3.2.2",
			"resolved": "https://registry.npmjs.org/memfs/-/memfs-3.2.2.tgz",
			"integrity": "sha512-RE0CwmIM3CEvpcdK3rZ19BC4E6hv9kADkMN5rPduRak58cNArWLi/9jFLsa4rhsjfVxMP3v0jO7FHXq7SvFY5Q==",
			"requires": {
				"fs-monkey": "1.0.3"
			}
		},
		"topological-sort": {
			"version": "0.3.0",
			"resolved": "https://registry.npmjs.org/topological-sort/-/topological-sort-0.3.0.tgz",
			"integrity": "sha512-BmO2t72jjJ3B9PZC3LTHyojgNynOKEvWG4GiYqyfSMUjtO6+yZK0oozlMYVA+tC6YvS3NZh4OPx6QaolEYOg6A=="
		}
	}
}
