{
	"name": "@geislabs/download-fetch",
	"version": "0.0.5",
	"lockfileVersion": 2,
	"requires": true,
	"packages": {
		"": {
			"name": "@geislabs/download-fetch",
			"version": "0.0.60",
			"license": "ISC",
			"devDependencies": {
				"@geislabs/fetch": "^0.0.60",
				"@geislabs/protocol": "^0.0.48"
			}
		},
		"node_modules/@geislabs/fetch": {
			"version": "0.0.60",
			"resolved": "https://registry.npmjs.org/@geislabs/fetch/-/fetch-0.0.60.tgz",
			"integrity": "sha512-Qn7WkwExuYTwBUuDVZzBPJafBuSL+iOkh6FPnsG5PV1qj6QyqVnoLm7eJZglCSn4PAsS++PIpbC6/wJyinPwxA==",
			"dev": true,
			"dependencies": {
				"@geislabs/geis-type": "^0.0.45",
				"@geislabs/protocol": "^0.0.47",
				"node-fetch": "^2.6.1"
			}
		},
		"node_modules/@geislabs/fetch/node_modules/@geislabs/protocol": {
			"version": "0.0.47",
			"resolved": "https://registry.npmjs.org/@geislabs/protocol/-/protocol-0.0.47.tgz",
			"integrity": "sha512-Nt8IUKXuyzWqcXjnhizpS84DlWnNNhKfz9UY0G4H2BU5n7lR0uf87pv3Jb6W/1IkRZwOAueSJmUP6diEruoc5g==",
			"dev": true,
			"dependencies": {
				"is-promise": "^4.0.0"
			}
		},
		"node_modules/@geislabs/geis-type": {
			"version": "0.0.45",
			"resolved": "https://registry.npmjs.org/@geislabs/geis-type/-/geis-type-0.0.45.tgz",
			"integrity": "sha512-Nzpy4t32TwWT7vn1hm+Cg1/iPUQLacPtUoxZ/0sr1Udf0RiCKqFFRahWcppyJ67jp2X25TQsOf7T0nBestla0A==",
			"dev": true,
			"dependencies": {
				"inversify": "^5.0.5",
				"is-promise": "^4.0.0"
			}
		},
		"node_modules/@geislabs/protocol": {
			"version": "0.0.48",
			"resolved": "https://registry.npmjs.org/@geislabs/protocol/-/protocol-0.0.48.tgz",
			"integrity": "sha512-WIhQ46IaIcP80NwqrzDu6wfwmXObxA+JD1g6gxzdEdbBnjV6Ni1cHag98YKcItD/ZdWoLONPhGtdd1YvRK+P0Q==",
			"dev": true,
			"dependencies": {
				"is-promise": "^4.0.0"
			}
		},
		"node_modules/inversify": {
			"version": "5.1.1",
			"resolved": "https://registry.npmjs.org/inversify/-/inversify-5.1.1.tgz",
			"integrity": "sha512-j8grHGDzv1v+8T1sAQ+3boTCntFPfvxLCkNcxB1J8qA0lUN+fAlSyYd+RXKvaPRL4AGyPxViutBEJHNXOyUdFQ==",
			"dev": true
		},
		"node_modules/is-promise": {
			"version": "4.0.0",
			"resolved": "https://registry.npmjs.org/is-promise/-/is-promise-4.0.0.tgz",
			"integrity": "sha512-hvpoI6korhJMnej285dSg6nu1+e6uxs7zG3BYAm5byqDsgJNWwxzM6z6iZiAgQR4TJ30JmBTOwqZUw3WlyH3AQ==",
			"dev": true
		},
		"node_modules/node-fetch": {
			"version": "2.6.1",
			"resolved": "https://registry.npmjs.org/node-fetch/-/node-fetch-2.6.1.tgz",
			"integrity": "sha512-V4aYg89jEoVRxRb2fJdAg8FHvI7cEyYdVAh94HH0UIK8oJxUfkjlDQN9RbMx+bEjP7+ggMiFRprSti032Oipxw==",
			"dev": true,
			"engines": {
				"node": "4.x || >=6.0.0"
			}
		}
	},
	"dependencies": {
		"@geislabs/fetch": {
			"version": "0.0.60",
			"resolved": "https://registry.npmjs.org/@geislabs/fetch/-/fetch-0.0.60.tgz",
			"integrity": "sha512-Qn7WkwExuYTwBUuDVZzBPJafBuSL+iOkh6FPnsG5PV1qj6QyqVnoLm7eJZglCSn4PAsS++PIpbC6/wJyinPwxA==",
			"dev": true,
			"requires": {
				"@geislabs/geis-type": "^0.0.45",
				"@geislabs/protocol": "^0.0.47",
				"node-fetch": "^2.6.1"
			},
			"dependencies": {
				"@geislabs/protocol": {
					"version": "0.0.47",
					"resolved": "https://registry.npmjs.org/@geislabs/protocol/-/protocol-0.0.47.tgz",
					"integrity": "sha512-Nt8IUKXuyzWqcXjnhizpS84DlWnNNhKfz9UY0G4H2BU5n7lR0uf87pv3Jb6W/1IkRZwOAueSJmUP6diEruoc5g==",
					"dev": true,
					"requires": {
						"is-promise": "^4.0.0"
					}
				}
			}
		},
		"@geislabs/geis-type": {
			"version": "0.0.45",
			"resolved": "https://registry.npmjs.org/@geislabs/geis-type/-/geis-type-0.0.45.tgz",
			"integrity": "sha512-Nzpy4t32TwWT7vn1hm+Cg1/iPUQLacPtUoxZ/0sr1Udf0RiCKqFFRahWcppyJ67jp2X25TQsOf7T0nBestla0A==",
			"dev": true,
			"requires": {
				"inversify": "^5.0.5",
				"is-promise": "^4.0.0"
			}
		},
		"@geislabs/protocol": {
			"version": "0.0.48",
			"resolved": "https://registry.npmjs.org/@geislabs/protocol/-/protocol-0.0.48.tgz",
			"integrity": "sha512-WIhQ46IaIcP80NwqrzDu6wfwmXObxA+JD1g6gxzdEdbBnjV6Ni1cHag98YKcItD/ZdWoLONPhGtdd1YvRK+P0Q==",
			"dev": true,
			"requires": {
				"is-promise": "^4.0.0"
			}
		},
		"inversify": {
			"version": "5.1.1",
			"resolved": "https://registry.npmjs.org/inversify/-/inversify-5.1.1.tgz",
			"integrity": "sha512-j8grHGDzv1v+8T1sAQ+3boTCntFPfvxLCkNcxB1J8qA0lUN+fAlSyYd+RXKvaPRL4AGyPxViutBEJHNXOyUdFQ==",
			"dev": true
		},
		"is-promise": {
			"version": "4.0.0",
			"resolved": "https://registry.npmjs.org/is-promise/-/is-promise-4.0.0.tgz",
			"integrity": "sha512-hvpoI6korhJMnej285dSg6nu1+e6uxs7zG3BYAm5byqDsgJNWwxzM6z6iZiAgQR4TJ30JmBTOwqZUw3WlyH3AQ==",
			"dev": true
		},
		"node-fetch": {
			"version": "2.6.1",
			"resolved": "https://registry.npmjs.org/node-fetch/-/node-fetch-2.6.1.tgz",
			"integrity": "sha512-V4aYg89jEoVRxRb2fJdAg8FHvI7cEyYdVAh94HH0UIK8oJxUfkjlDQN9RbMx+bEjP7+ggMiFRprSti032Oipxw==",
			"dev": true
		}
	}
}
